// !$*UTF8*$!
{
	archiveVersion = 1;
	classes = {
	};
	objectVersion = 46;
	objects = {

/* Begin PBXBuildFile section */
		3126899C1641F91200A97622 /* facebook-share-icon.gif in Resources */ = {isa = PBXBuildFile; fileRef = 3126899B1641F91200A97622 /* facebook-share-icon.gif */; };
		3126899E1641F9C200A97622 /* your_pulse.png in Resources */ = {isa = PBXBuildFile; fileRef = 3126899D1641F9C200A97622 /* your_pulse.png */; };
		312689A11641FECC00A97622 /* TableViewController.m in Sources */ = {isa = PBXBuildFile; fileRef = 312689A01641FECC00A97622 /* TableViewController.m */; };
		312689A8164212D900A97622 /* SearchViewController.m in Sources */ = {isa = PBXBuildFile; fileRef = 312689A7164212D800A97622 /* SearchViewController.m */; };
		312689AE1642143400A97622 /* GeoQueryAnnotation.m in Sources */ = {isa = PBXBuildFile; fileRef = 312689AD1642143400A97622 /* GeoQueryAnnotation.m */; };
		312689B0164232BC00A97622 /* SearchViewController.xib in Resources */ = {isa = PBXBuildFile; fileRef = 312689AF164232BC00A97622 /* SearchViewController.xib */; };
		312689B21642340800A97622 /* cancel.png in Resources */ = {isa = PBXBuildFile; fileRef = 312689B11642340800A97622 /* cancel.png */; };
		312689B416433D8400A97622 /* heart_icon_inside.png in Resources */ = {isa = PBXBuildFile; fileRef = 312689B316433D8400A97622 /* heart_icon_inside.png */; };
		312689B61643416D00A97622 /* pulse_test_icon_small.png in Resources */ = {isa = PBXBuildFile; fileRef = 312689B51643416C00A97622 /* pulse_test_icon_small.png */; };
		312689B81643417100A97622 /* pulse_test_icon.png in Resources */ = {isa = PBXBuildFile; fileRef = 312689B71643417000A97622 /* pulse_test_icon.png */; };
		3143B865163CBF4E0027D923 /* UIKit.framework in Frameworks */ = {isa = PBXBuildFile; fileRef = 3143B864163CBF4E0027D923 /* UIKit.framework */; };
		3143B867163CBF4E0027D923 /* Foundation.framework in Frameworks */ = {isa = PBXBuildFile; fileRef = 3143B866163CBF4E0027D923 /* Foundation.framework */; };
		3143B869163CBF4E0027D923 /* CoreGraphics.framework in Frameworks */ = {isa = PBXBuildFile; fileRef = 3143B868163CBF4E0027D923 /* CoreGraphics.framework */; };
		3143B86B163CBF4E0027D923 /* CoreData.framework in Frameworks */ = {isa = PBXBuildFile; fileRef = 3143B86A163CBF4E0027D923 /* CoreData.framework */; };
		3143B871163CBF4E0027D923 /* InfoPlist.strings in Resources */ = {isa = PBXBuildFile; fileRef = 3143B86F163CBF4E0027D923 /* InfoPlist.strings */; };
		3143B873163CBF4E0027D923 /* main.m in Sources */ = {isa = PBXBuildFile; fileRef = 3143B872163CBF4E0027D923 /* main.m */; };
		3143B877163CBF4E0027D923 /* AppDelegate.m in Sources */ = {isa = PBXBuildFile; fileRef = 3143B876163CBF4E0027D923 /* AppDelegate.m */; };
		3143B87B163CBF4E0027D923 /* Default@2x.png in Resources */ = {isa = PBXBuildFile; fileRef = 3143B87A163CBF4E0027D923 /* Default@2x.png */; };
		3143B87D163CBF4F0027D923 /* Default-568h@2x.png in Resources */ = {isa = PBXBuildFile; fileRef = 3143B87C163CBF4F0027D923 /* Default-568h@2x.png */; };
		3143B880163CBF4F0027D923 /* PulseTest.xcdatamodeld in Sources */ = {isa = PBXBuildFile; fileRef = 3143B87E163CBF4F0027D923 /* PulseTest.xcdatamodeld */; };
		3143B888163CBF4F0027D923 /* SenTestingKit.framework in Frameworks */ = {isa = PBXBuildFile; fileRef = 3143B887163CBF4F0027D923 /* SenTestingKit.framework */; };
		3143B889163CBF4F0027D923 /* UIKit.framework in Frameworks */ = {isa = PBXBuildFile; fileRef = 3143B864163CBF4E0027D923 /* UIKit.framework */; };
		3143B88A163CBF4F0027D923 /* Foundation.framework in Frameworks */ = {isa = PBXBuildFile; fileRef = 3143B866163CBF4E0027D923 /* Foundation.framework */; };
		3143B88B163CBF4F0027D923 /* CoreData.framework in Frameworks */ = {isa = PBXBuildFile; fileRef = 3143B86A163CBF4E0027D923 /* CoreData.framework */; };
		3143B8AD163CBF740027D923 /* User.m in Sources */ = {isa = PBXBuildFile; fileRef = 3143B8A0163CBF740027D923 /* User.m */; };
		3143B8AE163CBF740027D923 /* ResultsViewController.m in Sources */ = {isa = PBXBuildFile; fileRef = 3143B8A3163CBF740027D923 /* ResultsViewController.m */; };
		3143B8AF163CBF740027D923 /* ResultsViewController.xib in Resources */ = {isa = PBXBuildFile; fileRef = 3143B8A4163CBF740027D923 /* ResultsViewController.xib */; };
		3143B8B0163CBF740027D923 /* ProcessViewController.m in Sources */ = {isa = PBXBuildFile; fileRef = 3143B8A5163CBF740027D923 /* ProcessViewController.m */; };
		3143B8B1163CBF740027D923 /* CaptureSessionManager.m in Sources */ = {isa = PBXBuildFile; fileRef = 3143B8A6163CBF740027D923 /* CaptureSessionManager.m */; };
		3143B8B3163CBF740027D923 /* ProcessViewController.xib in Resources */ = {isa = PBXBuildFile; fileRef = 3143B8AB163CBF740027D923 /* ProcessViewController.xib */; };
		3143B8B7163CC0650027D923 /* Parse.framework in Frameworks */ = {isa = PBXBuildFile; fileRef = 3143B8B6163CC0650027D923 /* Parse.framework */; };
		3143B8C5163CC0A90027D923 /* Accounts.framework in Frameworks */ = {isa = PBXBuildFile; fileRef = 3143B8B8163CC0A90027D923 /* Accounts.framework */; };
		3143B8C6163CC0A90027D923 /* AdSupport.framework in Frameworks */ = {isa = PBXBuildFile; fileRef = 3143B8B9163CC0A90027D923 /* AdSupport.framework */; };
		3143B8C7163CC0A90027D923 /* AudioToolbox.framework in Frameworks */ = {isa = PBXBuildFile; fileRef = 3143B8BA163CC0A90027D923 /* AudioToolbox.framework */; };
		3143B8C8163CC0A90027D923 /* CFNetwork.framework in Frameworks */ = {isa = PBXBuildFile; fileRef = 3143B8BB163CC0A90027D923 /* CFNetwork.framework */; };
		3143B8C9163CC0A90027D923 /* CoreLocation.framework in Frameworks */ = {isa = PBXBuildFile; fileRef = 3143B8BC163CC0A90027D923 /* CoreLocation.framework */; };
		3143B8CA163CC0A90027D923 /* libsqlite3.dylib in Frameworks */ = {isa = PBXBuildFile; fileRef = 3143B8BD163CC0A90027D923 /* libsqlite3.dylib */; };
		3143B8CB163CC0A90027D923 /* libz.1.1.3.dylib in Frameworks */ = {isa = PBXBuildFile; fileRef = 3143B8BE163CC0A90027D923 /* libz.1.1.3.dylib */; };
		3143B8CC163CC0A90027D923 /* MobileCoreServices.framework in Frameworks */ = {isa = PBXBuildFile; fileRef = 3143B8BF163CC0A90027D923 /* MobileCoreServices.framework */; };
		3143B8CD163CC0A90027D923 /* QuartzCore.framework in Frameworks */ = {isa = PBXBuildFile; fileRef = 3143B8C0163CC0A90027D923 /* QuartzCore.framework */; };
		3143B8CE163CC0A90027D923 /* Security.framework in Frameworks */ = {isa = PBXBuildFile; fileRef = 3143B8C1163CC0A90027D923 /* Security.framework */; };
		3143B8CF163CC0A90027D923 /* Social.framework in Frameworks */ = {isa = PBXBuildFile; fileRef = 3143B8C2163CC0A90027D923 /* Social.framework */; };
		3143B8D0163CC0A90027D923 /* StoreKit.framework in Frameworks */ = {isa = PBXBuildFile; fileRef = 3143B8C3163CC0A90027D923 /* StoreKit.framework */; };
		3143B8D1163CC0A90027D923 /* SystemConfiguration.framework in Frameworks */ = {isa = PBXBuildFile; fileRef = 3143B8C4163CC0A90027D923 /* SystemConfiguration.framework */; };
		3143B8D3163CC2650027D923 /* AVFoundation.framework in Frameworks */ = {isa = PBXBuildFile; fileRef = 3143B8D2163CC2650027D923 /* AVFoundation.framework */; };
		3143B8D6163CC2FF0027D923 /* CoreMedia.framework in Frameworks */ = {isa = PBXBuildFile; fileRef = 3143B8D4163CC2FF0027D923 /* CoreMedia.framework */; };
		3143B8D7163CC2FF0027D923 /* CoreVideo.framework in Frameworks */ = {isa = PBXBuildFile; fileRef = 3143B8D5163CC2FF0027D923 /* CoreVideo.framework */; };
		3143B8D9163CC3B00027D923 /* OpenGLES.framework in Frameworks */ = {isa = PBXBuildFile; fileRef = 3143B8D8163CC3B00027D923 /* OpenGLES.framework */; };
		3143B8DF163CCA3E0027D923 /* IntroViewController.m in Sources */ = {isa = PBXBuildFile; fileRef = 3143B8DD163CCA3D0027D923 /* IntroViewController.m */; };
		3143B8E0163CCA3E0027D923 /* IntroViewController.xib in Resources */ = {isa = PBXBuildFile; fileRef = 3143B8DE163CCA3E0027D923 /* IntroViewController.xib */; };
		31941355163CDD2400C445E1 /* DetailViewController.m in Sources */ = {isa = PBXBuildFile; fileRef = 31941351163CDD2300C445E1 /* DetailViewController.m */; };
		31941356163CDD2400C445E1 /* DetailViewController.xib in Resources */ = {isa = PBXBuildFile; fileRef = 31941352163CDD2300C445E1 /* DetailViewController.xib */; };
		31941357163CDD2400C445E1 /* GeoPointAnnotation.m in Sources */ = {isa = PBXBuildFile; fileRef = 31941354163CDD2400C445E1 /* GeoPointAnnotation.m */; };
		31941359163CDDC700C445E1 /* MapKit.framework in Frameworks */ = {isa = PBXBuildFile; fileRef = 31941358163CDDC700C445E1 /* MapKit.framework */; };
		3194135D163CEF0000C445E1 /* Default.png in Resources */ = {isa = PBXBuildFile; fileRef = 3194135C163CEF0000C445E1 /* Default.png */; };
		3194144B164092A800C445E1 /* PulseCalculator.m in Sources */ = {isa = PBXBuildFile; fileRef = 3194144A164092A800C445E1 /* PulseCalculator.m */; };
		319414581640FA5300C445E1 /* heart_icon_empty.png in Resources */ = {isa = PBXBuildFile; fileRef = 319414561640FA5200C445E1 /* heart_icon_empty.png */; };
		3194145A1640FA8B00C445E1 /* finger_position.png in Resources */ = {isa = PBXBuildFile; fileRef = 319414591640FA8B00C445E1 /* finger_position.png */; };
/* End PBXBuildFile section */

/* Begin PBXContainerItemProxy section */
		3143B88C163CBF4F0027D923 /* PBXContainerItemProxy */ = {
			isa = PBXContainerItemProxy;
			containerPortal = 3143B857163CBF4E0027D923 /* Project object */;
			proxyType = 1;
			remoteGlobalIDString = 3143B85F163CBF4E0027D923;
			remoteInfo = PulseTest;
		};
/* End PBXContainerItemProxy section */

/* Begin PBXFileReference section */
		3126899B1641F91200A97622 /* facebook-share-icon.gif */ = {isa = PBXFileReference; lastKnownFileType = image.gif; path = "facebook-share-icon.gif"; sourceTree = "<group>"; };
		3126899D1641F9C200A97622 /* your_pulse.png */ = {isa = PBXFileReference; lastKnownFileType = image.png; path = your_pulse.png; sourceTree = "<group>"; };
		3126899F1641FECC00A97622 /* TableViewController.h */ = {isa = PBXFileReference; fileEncoding = 4; lastKnownFileType = sourcecode.c.h; path = TableViewController.h; sourceTree = "<group>"; };
		312689A01641FECC00A97622 /* TableViewController.m */ = {isa = PBXFileReference; fileEncoding = 4; lastKnownFileType = sourcecode.c.objc; path = TableViewController.m; sourceTree = "<group>"; };
		312689A6164212D800A97622 /* SearchViewController.h */ = {isa = PBXFileReference; fileEncoding = 4; lastKnownFileType = sourcecode.c.h; path = SearchViewController.h; sourceTree = "<group>"; };
		312689A7164212D800A97622 /* SearchViewController.m */ = {isa = PBXFileReference; fileEncoding = 4; lastKnownFileType = sourcecode.c.objc; path = SearchViewController.m; sourceTree = "<group>"; };
		312689AC1642143300A97622 /* GeoQueryAnnotation.h */ = {isa = PBXFileReference; fileEncoding = 4; lastKnownFileType = sourcecode.c.h; path = GeoQueryAnnotation.h; sourceTree = "<group>"; };
		312689AD1642143400A97622 /* GeoQueryAnnotation.m */ = {isa = PBXFileReference; fileEncoding = 4; lastKnownFileType = sourcecode.c.objc; path = GeoQueryAnnotation.m; sourceTree = "<group>"; };
		312689AF164232BC00A97622 /* SearchViewController.xib */ = {isa = PBXFileReference; fileEncoding = 4; lastKnownFileType = file.xib; path = SearchViewController.xib; sourceTree = "<group>"; };
		312689B11642340800A97622 /* cancel.png */ = {isa = PBXFileReference; lastKnownFileType = image.png; path = cancel.png; sourceTree = "<group>"; };
		312689B316433D8400A97622 /* heart_icon_inside.png */ = {isa = PBXFileReference; lastKnownFileType = image.png; path = heart_icon_inside.png; sourceTree = "<group>"; };
		312689B51643416C00A97622 /* pulse_test_icon_small.png */ = {isa = PBXFileReference; lastKnownFileType = image.png; path = pulse_test_icon_small.png; sourceTree = "<group>"; };
		312689B71643417000A97622 /* pulse_test_icon.png */ = {isa = PBXFileReference; lastKnownFileType = image.png; path = pulse_test_icon.png; sourceTree = "<group>"; };
		3143B860163CBF4E0027D923 /* PulseTest.app */ = {isa = PBXFileReference; explicitFileType = wrapper.application; includeInIndex = 0; path = PulseTest.app; sourceTree = BUILT_PRODUCTS_DIR; };
		3143B864163CBF4E0027D923 /* UIKit.framework */ = {isa = PBXFileReference; lastKnownFileType = wrapper.framework; name = UIKit.framework; path = System/Library/Frameworks/UIKit.framework; sourceTree = SDKROOT; };
		3143B866163CBF4E0027D923 /* Foundation.framework */ = {isa = PBXFileReference; lastKnownFileType = wrapper.framework; name = Foundation.framework; path = System/Library/Frameworks/Foundation.framework; sourceTree = SDKROOT; };
		3143B868163CBF4E0027D923 /* CoreGraphics.framework */ = {isa = PBXFileReference; lastKnownFileType = wrapper.framework; name = CoreGraphics.framework; path = System/Library/Frameworks/CoreGraphics.framework; sourceTree = SDKROOT; };
		3143B86A163CBF4E0027D923 /* CoreData.framework */ = {isa = PBXFileReference; lastKnownFileType = wrapper.framework; name = CoreData.framework; path = System/Library/Frameworks/CoreData.framework; sourceTree = SDKROOT; };
		3143B86E163CBF4E0027D923 /* PulseTest-Info.plist */ = {isa = PBXFileReference; lastKnownFileType = text.plist.xml; path = "PulseTest-Info.plist"; sourceTree = "<group>"; };
		3143B870163CBF4E0027D923 /* en */ = {isa = PBXFileReference; lastKnownFileType = text.plist.strings; name = en; path = en.lproj/InfoPlist.strings; sourceTree = "<group>"; };
		3143B872163CBF4E0027D923 /* main.m */ = {isa = PBXFileReference; lastKnownFileType = sourcecode.c.objc; path = main.m; sourceTree = "<group>"; };
		3143B874163CBF4E0027D923 /* PulseTest-Prefix.pch */ = {isa = PBXFileReference; lastKnownFileType = sourcecode.c.h; path = "PulseTest-Prefix.pch"; sourceTree = "<group>"; };
		3143B875163CBF4E0027D923 /* AppDelegate.h */ = {isa = PBXFileReference; lastKnownFileType = sourcecode.c.h; path = AppDelegate.h; sourceTree = "<group>"; };
		3143B876163CBF4E0027D923 /* AppDelegate.m */ = {isa = PBXFileReference; lastKnownFileType = sourcecode.c.objc; path = AppDelegate.m; sourceTree = "<group>"; };
		3143B87A163CBF4E0027D923 /* Default@2x.png */ = {isa = PBXFileReference; lastKnownFileType = image.png; path = "Default@2x.png"; sourceTree = "<group>"; };
		3143B87C163CBF4F0027D923 /* Default-568h@2x.png */ = {isa = PBXFileReference; lastKnownFileType = image.png; path = "Default-568h@2x.png"; sourceTree = "<group>"; };
		3143B87F163CBF4F0027D923 /* PulseTest.xcdatamodel */ = {isa = PBXFileReference; lastKnownFileType = wrapper.xcdatamodel; path = PulseTest.xcdatamodel; sourceTree = "<group>"; };
		3143B886163CBF4F0027D923 /* PulseTestTests.octest */ = {isa = PBXFileReference; explicitFileType = wrapper.cfbundle; includeInIndex = 0; path = PulseTestTests.octest; sourceTree = BUILT_PRODUCTS_DIR; };
		3143B887163CBF4F0027D923 /* SenTestingKit.framework */ = {isa = PBXFileReference; lastKnownFileType = wrapper.framework; name = SenTestingKit.framework; path = Library/Frameworks/SenTestingKit.framework; sourceTree = DEVELOPER_DIR; };
		3143B8A0163CBF740027D923 /* User.m */ = {isa = PBXFileReference; fileEncoding = 4; lastKnownFileType = sourcecode.c.objc; path = User.m; sourceTree = "<group>"; };
		3143B8A1163CBF740027D923 /* User.h */ = {isa = PBXFileReference; fileEncoding = 4; lastKnownFileType = sourcecode.c.h; path = User.h; sourceTree = "<group>"; };
		3143B8A2163CBF740027D923 /* ResultsViewController.h */ = {isa = PBXFileReference; fileEncoding = 4; lastKnownFileType = sourcecode.c.h; path = ResultsViewController.h; sourceTree = "<group>"; };
		3143B8A3163CBF740027D923 /* ResultsViewController.m */ = {isa = PBXFileReference; fileEncoding = 4; lastKnownFileType = sourcecode.c.objc; path = ResultsViewController.m; sourceTree = "<group>"; };
		3143B8A4163CBF740027D923 /* ResultsViewController.xib */ = {isa = PBXFileReference; fileEncoding = 4; lastKnownFileType = file.xib; path = ResultsViewController.xib; sourceTree = "<group>"; };
		3143B8A5163CBF740027D923 /* ProcessViewController.m */ = {isa = PBXFileReference; fileEncoding = 4; lastKnownFileType = sourcecode.c.objc; path = ProcessViewController.m; sourceTree = "<group>"; };
		3143B8A6163CBF740027D923 /* CaptureSessionManager.m */ = {isa = PBXFileReference; fileEncoding = 4; lastKnownFileType = sourcecode.c.objc; path = CaptureSessionManager.m; sourceTree = "<group>"; };
		3143B8A7163CBF740027D923 /* CaptureSessionManager.h */ = {isa = PBXFileReference; fileEncoding = 4; lastKnownFileType = sourcecode.c.h; path = CaptureSessionManager.h; sourceTree = "<group>"; };
		3143B8AA163CBF740027D923 /* ProcessViewController.h */ = {isa = PBXFileReference; fileEncoding = 4; lastKnownFileType = sourcecode.c.h; path = ProcessViewController.h; sourceTree = "<group>"; };
		3143B8AB163CBF740027D923 /* ProcessViewController.xib */ = {isa = PBXFileReference; fileEncoding = 4; lastKnownFileType = file.xib; path = ProcessViewController.xib; sourceTree = "<group>"; };
		3143B8B6163CC0650027D923 /* Parse.framework */ = {isa = PBXFileReference; lastKnownFileType = wrapper.framework; path = Parse.framework; sourceTree = "<group>"; };
		3143B8B8163CC0A90027D923 /* Accounts.framework */ = {isa = PBXFileReference; lastKnownFileType = wrapper.framework; name = Accounts.framework; path = System/Library/Frameworks/Accounts.framework; sourceTree = SDKROOT; };
		3143B8B9163CC0A90027D923 /* AdSupport.framework */ = {isa = PBXFileReference; lastKnownFileType = wrapper.framework; name = AdSupport.framework; path = System/Library/Frameworks/AdSupport.framework; sourceTree = SDKROOT; };
		3143B8BA163CC0A90027D923 /* AudioToolbox.framework */ = {isa = PBXFileReference; lastKnownFileType = wrapper.framework; name = AudioToolbox.framework; path = System/Library/Frameworks/AudioToolbox.framework; sourceTree = SDKROOT; };
		3143B8BB163CC0A90027D923 /* CFNetwork.framework */ = {isa = PBXFileReference; lastKnownFileType = wrapper.framework; name = CFNetwork.framework; path = System/Library/Frameworks/CFNetwork.framework; sourceTree = SDKROOT; };
		3143B8BC163CC0A90027D923 /* CoreLocation.framework */ = {isa = PBXFileReference; lastKnownFileType = wrapper.framework; name = CoreLocation.framework; path = System/Library/Frameworks/CoreLocation.framework; sourceTree = SDKROOT; };
		3143B8BD163CC0A90027D923 /* libsqlite3.dylib */ = {isa = PBXFileReference; lastKnownFileType = "compiled.mach-o.dylib"; name = libsqlite3.dylib; path = usr/lib/libsqlite3.dylib; sourceTree = SDKROOT; };
		3143B8BE163CC0A90027D923 /* libz.1.1.3.dylib */ = {isa = PBXFileReference; lastKnownFileType = "compiled.mach-o.dylib"; name = libz.1.1.3.dylib; path = usr/lib/libz.1.1.3.dylib; sourceTree = SDKROOT; };
		3143B8BF163CC0A90027D923 /* MobileCoreServices.framework */ = {isa = PBXFileReference; lastKnownFileType = wrapper.framework; name = MobileCoreServices.framework; path = System/Library/Frameworks/MobileCoreServices.framework; sourceTree = SDKROOT; };
		3143B8C0163CC0A90027D923 /* QuartzCore.framework */ = {isa = PBXFileReference; lastKnownFileType = wrapper.framework; name = QuartzCore.framework; path = System/Library/Frameworks/QuartzCore.framework; sourceTree = SDKROOT; };
		3143B8C1163CC0A90027D923 /* Security.framework */ = {isa = PBXFileReference; lastKnownFileType = wrapper.framework; name = Security.framework; path = System/Library/Frameworks/Security.framework; sourceTree = SDKROOT; };
		3143B8C2163CC0A90027D923 /* Social.framework */ = {isa = PBXFileReference; lastKnownFileType = wrapper.framework; name = Social.framework; path = System/Library/Frameworks/Social.framework; sourceTree = SDKROOT; };
		3143B8C3163CC0A90027D923 /* StoreKit.framework */ = {isa = PBXFileReference; lastKnownFileType = wrapper.framework; name = StoreKit.framework; path = System/Library/Frameworks/StoreKit.framework; sourceTree = SDKROOT; };
		3143B8C4163CC0A90027D923 /* SystemConfiguration.framework */ = {isa = PBXFileReference; lastKnownFileType = wrapper.framework; name = SystemConfiguration.framework; path = System/Library/Frameworks/SystemConfiguration.framework; sourceTree = SDKROOT; };
		3143B8D2163CC2650027D923 /* AVFoundation.framework */ = {isa = PBXFileReference; lastKnownFileType = wrapper.framework; name = AVFoundation.framework; path = System/Library/Frameworks/AVFoundation.framework; sourceTree = SDKROOT; };
		3143B8D4163CC2FF0027D923 /* CoreMedia.framework */ = {isa = PBXFileReference; lastKnownFileType = wrapper.framework; name = CoreMedia.framework; path = System/Library/Frameworks/CoreMedia.framework; sourceTree = SDKROOT; };
		3143B8D5163CC2FF0027D923 /* CoreVideo.framework */ = {isa = PBXFileReference; lastKnownFileType = wrapper.framework; name = CoreVideo.framework; path = System/Library/Frameworks/CoreVideo.framework; sourceTree = SDKROOT; };
		3143B8D8163CC3B00027D923 /* OpenGLES.framework */ = {isa = PBXFileReference; lastKnownFileType = wrapper.framework; name = OpenGLES.framework; path = System/Library/Frameworks/OpenGLES.framework; sourceTree = SDKROOT; };
		3143B8DC163CCA3D0027D923 /* IntroViewController.h */ = {isa = PBXFileReference; fileEncoding = 4; lastKnownFileType = sourcecode.c.h; path = IntroViewController.h; sourceTree = "<group>"; };
		3143B8DD163CCA3D0027D923 /* IntroViewController.m */ = {isa = PBXFileReference; fileEncoding = 4; lastKnownFileType = sourcecode.c.objc; path = IntroViewController.m; sourceTree = "<group>"; };
		3143B8DE163CCA3E0027D923 /* IntroViewController.xib */ = {isa = PBXFileReference; fileEncoding = 4; lastKnownFileType = file.xib; path = IntroViewController.xib; sourceTree = "<group>"; };
		31941350163CDD2300C445E1 /* DetailViewController.h */ = {isa = PBXFileReference; fileEncoding = 4; lastKnownFileType = sourcecode.c.h; path = DetailViewController.h; sourceTree = "<group>"; };
		31941351163CDD2300C445E1 /* DetailViewController.m */ = {isa = PBXFileReference; fileEncoding = 4; lastKnownFileType = sourcecode.c.objc; path = DetailViewController.m; sourceTree = "<group>"; };
		31941352163CDD2300C445E1 /* DetailViewController.xib */ = {isa = PBXFileReference; fileEncoding = 4; lastKnownFileType = file.xib; path = DetailViewController.xib; sourceTree = "<group>"; };
		31941353163CDD2300C445E1 /* GeoPointAnnotation.h */ = {isa = PBXFileReference; fileEncoding = 4; lastKnownFileType = sourcecode.c.h; path = GeoPointAnnotation.h; sourceTree = "<group>"; };
		31941354163CDD2400C445E1 /* GeoPointAnnotation.m */ = {isa = PBXFileReference; fileEncoding = 4; lastKnownFileType = sourcecode.c.objc; path = GeoPointAnnotation.m; sourceTree = "<group>"; };
		31941358163CDDC700C445E1 /* MapKit.framework */ = {isa = PBXFileReference; lastKnownFileType = wrapper.framework; name = MapKit.framework; path = System/Library/Frameworks/MapKit.framework; sourceTree = SDKROOT; };
		3194135C163CEF0000C445E1 /* Default.png */ = {isa = PBXFileReference; lastKnownFileType = image.png; path = Default.png; sourceTree = "<group>"; };
		31941449164092A800C445E1 /* PulseCalculator.h */ = {isa = PBXFileReference; fileEncoding = 4; lastKnownFileType = sourcecode.c.h; path = PulseCalculator.h; sourceTree = "<group>"; };
		3194144A164092A800C445E1 /* PulseCalculator.m */ = {isa = PBXFileReference; fileEncoding = 4; lastKnownFileType = sourcecode.c.objc; path = PulseCalculator.m; sourceTree = "<group>"; };
		319414561640FA5200C445E1 /* heart_icon_empty.png */ = {isa = PBXFileReference; lastKnownFileType = image.png; path = heart_icon_empty.png; sourceTree = "<group>"; };
		319414591640FA8B00C445E1 /* finger_position.png */ = {isa = PBXFileReference; lastKnownFileType = image.png; path = finger_position.png; sourceTree = "<group>"; };
/* End PBXFileReference section */

/* Begin PBXFrameworksBuildPhase section */
		3143B85D163CBF4E0027D923 /* Frameworks */ = {
			isa = PBXFrameworksBuildPhase;
			buildActionMask = 2147483647;
			files = (
				31941359163CDDC700C445E1 /* MapKit.framework in Frameworks */,
				3143B8D9163CC3B00027D923 /* OpenGLES.framework in Frameworks */,
				3143B8D6163CC2FF0027D923 /* CoreMedia.framework in Frameworks */,
				3143B8D7163CC2FF0027D923 /* CoreVideo.framework in Frameworks */,
				3143B8D3163CC2650027D923 /* AVFoundation.framework in Frameworks */,
				3143B869163CBF4E0027D923 /* CoreGraphics.framework in Frameworks */,
				3143B867163CBF4E0027D923 /* Foundation.framework in Frameworks */,
				3143B8CD163CC0A90027D923 /* QuartzCore.framework in Frameworks */,
				3143B865163CBF4E0027D923 /* UIKit.framework in Frameworks */,
				3143B8C5163CC0A90027D923 /* Accounts.framework in Frameworks */,
				3143B8C6163CC0A90027D923 /* AdSupport.framework in Frameworks */,
				3143B8C7163CC0A90027D923 /* AudioToolbox.framework in Frameworks */,
				3143B8C8163CC0A90027D923 /* CFNetwork.framework in Frameworks */,
				3143B8C9163CC0A90027D923 /* CoreLocation.framework in Frameworks */,
				3143B8CA163CC0A90027D923 /* libsqlite3.dylib in Frameworks */,
				3143B8CB163CC0A90027D923 /* libz.1.1.3.dylib in Frameworks */,
				3143B8CC163CC0A90027D923 /* MobileCoreServices.framework in Frameworks */,
				3143B8CE163CC0A90027D923 /* Security.framework in Frameworks */,
				3143B8CF163CC0A90027D923 /* Social.framework in Frameworks */,
				3143B8D0163CC0A90027D923 /* StoreKit.framework in Frameworks */,
				3143B8D1163CC0A90027D923 /* SystemConfiguration.framework in Frameworks */,
				3143B86B163CBF4E0027D923 /* CoreData.framework in Frameworks */,
				3143B8B7163CC0650027D923 /* Parse.framework in Frameworks */,
			);
			runOnlyForDeploymentPostprocessing = 0;
		};
		3143B882163CBF4F0027D923 /* Frameworks */ = {
			isa = PBXFrameworksBuildPhase;
			buildActionMask = 2147483647;
			files = (
				3143B888163CBF4F0027D923 /* SenTestingKit.framework in Frameworks */,
				3143B889163CBF4F0027D923 /* UIKit.framework in Frameworks */,
				3143B88A163CBF4F0027D923 /* Foundation.framework in Frameworks */,
				3143B88B163CBF4F0027D923 /* CoreData.framework in Frameworks */,
			);
			runOnlyForDeploymentPostprocessing = 0;
		};
/* End PBXFrameworksBuildPhase section */

/* Begin PBXGroup section */
		3143B855163CBF4E0027D923 = {
			isa = PBXGroup;
			children = (
				312689B71643417000A97622 /* pulse_test_icon.png */,
				312689B51643416C00A97622 /* pulse_test_icon_small.png */,
				3143B86C163CBF4E0027D923 /* PulseTest */,
				3143B863163CBF4E0027D923 /* Frameworks */,
				3143B861163CBF4E0027D923 /* Products */,
			);
			sourceTree = "<group>";
		};
		3143B861163CBF4E0027D923 /* Products */ = {
			isa = PBXGroup;
			children = (
				3143B860163CBF4E0027D923 /* PulseTest.app */,
				3143B886163CBF4F0027D923 /* PulseTestTests.octest */,
			);
			name = Products;
			sourceTree = "<group>";
		};
		3143B863163CBF4E0027D923 /* Frameworks */ = {
			isa = PBXGroup;
			children = (
				31941358163CDDC700C445E1 /* MapKit.framework */,
				3143B8D8163CC3B00027D923 /* OpenGLES.framework */,
				3143B8D4163CC2FF0027D923 /* CoreMedia.framework */,
				3143B8D5163CC2FF0027D923 /* CoreVideo.framework */,
				3143B8D2163CC2650027D923 /* AVFoundation.framework */,
				3143B8B8163CC0A90027D923 /* Accounts.framework */,
				3143B8B9163CC0A90027D923 /* AdSupport.framework */,
				3143B8BA163CC0A90027D923 /* AudioToolbox.framework */,
				3143B8BB163CC0A90027D923 /* CFNetwork.framework */,
				3143B8BC163CC0A90027D923 /* CoreLocation.framework */,
				3143B8BD163CC0A90027D923 /* libsqlite3.dylib */,
				3143B8BE163CC0A90027D923 /* libz.1.1.3.dylib */,
				3143B8BF163CC0A90027D923 /* MobileCoreServices.framework */,
				3143B8C0163CC0A90027D923 /* QuartzCore.framework */,
				3143B8C1163CC0A90027D923 /* Security.framework */,
				3143B8C2163CC0A90027D923 /* Social.framework */,
				3143B8C3163CC0A90027D923 /* StoreKit.framework */,
				3143B8C4163CC0A90027D923 /* SystemConfiguration.framework */,
				3143B8B6163CC0650027D923 /* Parse.framework */,
				3143B864163CBF4E0027D923 /* UIKit.framework */,
				3143B866163CBF4E0027D923 /* Foundation.framework */,
				3143B868163CBF4E0027D923 /* CoreGraphics.framework */,
				3143B86A163CBF4E0027D923 /* CoreData.framework */,
				3143B887163CBF4F0027D923 /* SenTestingKit.framework */,
			);
			name = Frameworks;
			sourceTree = "<group>";
		};
		3143B86C163CBF4E0027D923 /* PulseTest */ = {
			isa = PBXGroup;
			children = (
				3143B875163CBF4E0027D923 /* AppDelegate.h */,
				3143B876163CBF4E0027D923 /* AppDelegate.m */,
				3143B8A1163CBF740027D923 /* User.h */,
				3143B8A0163CBF740027D923 /* User.m */,
				3143B8A7163CBF740027D923 /* CaptureSessionManager.h */,
				3143B8A6163CBF740027D923 /* CaptureSessionManager.m */,
				31941449164092A800C445E1 /* PulseCalculator.h */,
				3194144A164092A800C445E1 /* PulseCalculator.m */,
				3143B8DC163CCA3D0027D923 /* IntroViewController.h */,
				3143B8DD163CCA3D0027D923 /* IntroViewController.m */,
				3143B8DE163CCA3E0027D923 /* IntroViewController.xib */,
				3143B8AA163CBF740027D923 /* ProcessViewController.h */,
				3143B8A5163CBF740027D923 /* ProcessViewController.m */,
				3143B8AB163CBF740027D923 /* ProcessViewController.xib */,
				3143B8A2163CBF740027D923 /* ResultsViewController.h */,
				3143B8A3163CBF740027D923 /* ResultsViewController.m */,
				3143B8A4163CBF740027D923 /* ResultsViewController.xib */,
				3126899F1641FECC00A97622 /* TableViewController.h */,
				312689A01641FECC00A97622 /* TableViewController.m */,
				31941350163CDD2300C445E1 /* DetailViewController.h */,
				31941351163CDD2300C445E1 /* DetailViewController.m */,
				31941352163CDD2300C445E1 /* DetailViewController.xib */,
				31941353163CDD2300C445E1 /* GeoPointAnnotation.h */,
				31941354163CDD2400C445E1 /* GeoPointAnnotation.m */,
				312689AC1642143300A97622 /* GeoQueryAnnotation.h */,
				312689AD1642143400A97622 /* GeoQueryAnnotation.m */,
				312689A6164212D800A97622 /* SearchViewController.h */,
				312689A7164212D800A97622 /* SearchViewController.m */,
				312689AF164232BC00A97622 /* SearchViewController.xib */,
				3143B87E163CBF4F0027D923 /* PulseTest.xcdatamodeld */,
				3143B86D163CBF4E0027D923 /* Supporting Files */,
			);
			path = PulseTest;
			sourceTree = "<group>";
		};
		3143B86D163CBF4E0027D923 /* Supporting Files */ = {
			isa = PBXGroup;
			children = (
				312689B316433D8400A97622 /* heart_icon_inside.png */,
				312689B11642340800A97622 /* cancel.png */,
				3126899D1641F9C200A97622 /* your_pulse.png */,
				3126899B1641F91200A97622 /* facebook-share-icon.gif */,
				319414591640FA8B00C445E1 /* finger_position.png */,
				319414561640FA5200C445E1 /* heart_icon_empty.png */,
				3194135C163CEF0000C445E1 /* Default.png */,
				3143B86E163CBF4E0027D923 /* PulseTest-Info.plist */,
				3143B86F163CBF4E0027D923 /* InfoPlist.strings */,
				3143B872163CBF4E0027D923 /* main.m */,
				3143B874163CBF4E0027D923 /* PulseTest-Prefix.pch */,
				3143B87A163CBF4E0027D923 /* Default@2x.png */,
				3143B87C163CBF4F0027D923 /* Default-568h@2x.png */,
			);
			name = "Supporting Files";
			sourceTree = "<group>";
		};
/* End PBXGroup section */

/* Begin PBXNativeTarget section */
		3143B85F163CBF4E0027D923 /* PulseTest */ = {
			isa = PBXNativeTarget;
			buildConfigurationList = 3143B899163CBF4F0027D923 /* Build configuration list for PBXNativeTarget "PulseTest" */;
			buildPhases = (
				3143B85C163CBF4E0027D923 /* Sources */,
				3143B85D163CBF4E0027D923 /* Frameworks */,
				3143B85E163CBF4E0027D923 /* Resources */,
			);
			buildRules = (
			);
			dependencies = (
			);
			name = PulseTest;
			productName = PulseTest;
			productReference = 3143B860163CBF4E0027D923 /* PulseTest.app */;
			productType = "com.apple.product-type.application";
		};
		3143B885163CBF4F0027D923 /* PulseTestTests */ = {
			isa = PBXNativeTarget;
			buildConfigurationList = 3143B89C163CBF4F0027D923 /* Build configuration list for PBXNativeTarget "PulseTestTests" */;
			buildPhases = (
				3143B881163CBF4F0027D923 /* Sources */,
				3143B882163CBF4F0027D923 /* Frameworks */,
				3143B883163CBF4F0027D923 /* Resources */,
				3143B884163CBF4F0027D923 /* ShellScript */,
			);
			buildRules = (
			);
			dependencies = (
				3143B88D163CBF4F0027D923 /* PBXTargetDependency */,
			);
			name = PulseTestTests;
			productName = PulseTestTests;
			productReference = 3143B886163CBF4F0027D923 /* PulseTestTests.octest */;
			productType = "com.apple.product-type.bundle";
		};
/* End PBXNativeTarget section */

/* Begin PBXProject section */
		3143B857163CBF4E0027D923 /* Project object */ = {
			isa = PBXProject;
			attributes = {
				LastUpgradeCheck = 0450;
				ORGANIZATIONNAME = "Simon Tucker";
			};
			buildConfigurationList = 3143B85A163CBF4E0027D923 /* Build configuration list for PBXProject "PulseTest" */;
			compatibilityVersion = "Xcode 3.2";
			developmentRegion = English;
			hasScannedForEncodings = 0;
			knownRegions = (
				en,
			);
			mainGroup = 3143B855163CBF4E0027D923;
			productRefGroup = 3143B861163CBF4E0027D923 /* Products */;
			projectDirPath = "";
			projectRoot = "";
			targets = (
				3143B85F163CBF4E0027D923 /* PulseTest */,
				3143B885163CBF4F0027D923 /* PulseTestTests */,
			);
		};
/* End PBXProject section */

/* Begin PBXResourcesBuildPhase section */
		3143B85E163CBF4E0027D923 /* Resources */ = {
			isa = PBXResourcesBuildPhase;
			buildActionMask = 2147483647;
			files = (
				3143B871163CBF4E0027D923 /* InfoPlist.strings in Resources */,
				3143B87B163CBF4E0027D923 /* Default@2x.png in Resources */,
				3143B87D163CBF4F0027D923 /* Default-568h@2x.png in Resources */,
				3143B8AF163CBF740027D923 /* ResultsViewController.xib in Resources */,
				3143B8B3163CBF740027D923 /* ProcessViewController.xib in Resources */,
				3143B8E0163CCA3E0027D923 /* IntroViewController.xib in Resources */,
				31941356163CDD2400C445E1 /* DetailViewController.xib in Resources */,
				3194135D163CEF0000C445E1 /* Default.png in Resources */,
				319414581640FA5300C445E1 /* heart_icon_empty.png in Resources */,
				3194145A1640FA8B00C445E1 /* finger_position.png in Resources */,
				3126899C1641F91200A97622 /* facebook-share-icon.gif in Resources */,
				3126899E1641F9C200A97622 /* your_pulse.png in Resources */,
				312689B0164232BC00A97622 /* SearchViewController.xib in Resources */,
				312689B21642340800A97622 /* cancel.png in Resources */,
				312689B416433D8400A97622 /* heart_icon_inside.png in Resources */,
				312689B61643416D00A97622 /* pulse_test_icon_small.png in Resources */,
				312689B81643417100A97622 /* pulse_test_icon.png in Resources */,
			);
			runOnlyForDeploymentPostprocessing = 0;
		};
		3143B883163CBF4F0027D923 /* Resources */ = {
			isa = PBXResourcesBuildPhase;
			buildActionMask = 2147483647;
			files = (
			);
			runOnlyForDeploymentPostprocessing = 0;
		};
/* End PBXResourcesBuildPhase section */

/* Begin PBXShellScriptBuildPhase section */
		3143B884163CBF4F0027D923 /* ShellScript */ = {
			isa = PBXShellScriptBuildPhase;
			buildActionMask = 2147483647;
			files = (
			);
			inputPaths = (
			);
			outputPaths = (
			);
			runOnlyForDeploymentPostprocessing = 0;
			shellPath = /bin/sh;
			shellScript = "# Run the unit tests in this test bundle.\n\"${SYSTEM_DEVELOPER_DIR}/Tools/RunUnitTests\"\n";
		};
/* End PBXShellScriptBuildPhase section */

/* Begin PBXSourcesBuildPhase section */
		3143B85C163CBF4E0027D923 /* Sources */ = {
			isa = PBXSourcesBuildPhase;
			buildActionMask = 2147483647;
			files = (
				3143B873163CBF4E0027D923 /* main.m in Sources */,
				3143B877163CBF4E0027D923 /* AppDelegate.m in Sources */,
				3143B880163CBF4F0027D923 /* PulseTest.xcdatamodeld in Sources */,
				3143B8AD163CBF740027D923 /* User.m in Sources */,
				3143B8AE163CBF740027D923 /* ResultsViewController.m in Sources */,
				3143B8B0163CBF740027D923 /* ProcessViewController.m in Sources */,
				3143B8B1163CBF740027D923 /* CaptureSessionManager.m in Sources */,
				3143B8DF163CCA3E0027D923 /* IntroViewController.m in Sources */,
				31941355163CDD2400C445E1 /* DetailViewController.m in Sources */,
				31941357163CDD2400C445E1 /* GeoPointAnnotation.m in Sources */,
				3194144B164092A800C445E1 /* PulseCalculator.m in Sources */,
				312689A11641FECC00A97622 /* TableViewController.m in Sources */,
				312689A8164212D900A97622 /* SearchViewController.m in Sources */,
				312689AE1642143400A97622 /* GeoQueryAnnotation.m in Sources */,
			);
			runOnlyForDeploymentPostprocessing = 0;
		};
		3143B881163CBF4F0027D923 /* Sources */ = {
			isa = PBXSourcesBuildPhase;
			buildActionMask = 2147483647;
			files = (
			);
			runOnlyForDeploymentPostprocessing = 0;
		};
/* End PBXSourcesBuildPhase section */

/* Begin PBXTargetDependency section */
		3143B88D163CBF4F0027D923 /* PBXTargetDependency */ = {
			isa = PBXTargetDependency;
			target = 3143B85F163CBF4E0027D923 /* PulseTest */;
			targetProxy = 3143B88C163CBF4F0027D923 /* PBXContainerItemProxy */;
		};
/* End PBXTargetDependency section */

/* Begin PBXVariantGroup section */
		3143B86F163CBF4E0027D923 /* InfoPlist.strings */ = {
			isa = PBXVariantGroup;
			children = (
				3143B870163CBF4E0027D923 /* en */,
			);
			name = InfoPlist.strings;
			sourceTree = "<group>";
		};
/* End PBXVariantGroup section */

/* Begin XCBuildConfiguration section */
		3143B897163CBF4F0027D923 /* Debug */ = {
			isa = XCBuildConfiguration;
			buildSettings = {
				ALWAYS_SEARCH_USER_PATHS = NO;
				CLANG_CXX_LANGUAGE_STANDARD = "gnu++0x";
				CLANG_CXX_LIBRARY = "libc++";
				CLANG_ENABLE_OBJC_ARC = YES;
				CLANG_WARN_EMPTY_BODY = YES;
				CLANG_WARN__DUPLICATE_METHOD_MATCH = YES;
				"CODE_SIGN_IDENTITY[sdk=iphoneos*]" = "iPhone Developer";
				COPY_PHASE_STRIP = NO;
				GCC_C_LANGUAGE_STANDARD = gnu99;
				GCC_DYNAMIC_NO_PIC = NO;
				GCC_OPTIMIZATION_LEVEL = 0;
				GCC_PREPROCESSOR_DEFINITIONS = (
					"DEBUG=1",
					"$(inherited)",
				);
				GCC_SYMBOLS_PRIVATE_EXTERN = NO;
				GCC_WARN_ABOUT_RETURN_TYPE = YES;
				GCC_WARN_UNINITIALIZED_AUTOS = YES;
				GCC_WARN_UNUSED_VARIABLE = YES;
				IPHONEOS_DEPLOYMENT_TARGET = 6.0;
				ONLY_ACTIVE_ARCH = YES;
				SDKROOT = iphoneos;
			};
			name = Debug;
		};
		3143B898163CBF4F0027D923 /* Release */ = {
			isa = XCBuildConfiguration;
			buildSettings = {
				ALWAYS_SEARCH_USER_PATHS = NO;
				CLANG_CXX_LANGUAGE_STANDARD = "gnu++0x";
				CLANG_CXX_LIBRARY = "libc++";
				CLANG_ENABLE_OBJC_ARC = YES;
				CLANG_WARN_EMPTY_BODY = YES;
				CLANG_WARN__DUPLICATE_METHOD_MATCH = YES;
				"CODE_SIGN_IDENTITY[sdk=iphoneos*]" = "iPhone Developer";
				COPY_PHASE_STRIP = YES;
				GCC_C_LANGUAGE_STANDARD = gnu99;
				GCC_WARN_ABOUT_RETURN_TYPE = YES;
				GCC_WARN_UNINITIALIZED_AUTOS = YES;
				GCC_WARN_UNUSED_VARIABLE = YES;
				IPHONEOS_DEPLOYMENT_TARGET = 6.0;
				OTHER_CFLAGS = "-DNS_BLOCK_ASSERTIONS=1";
				SDKROOT = iphoneos;
				VALIDATE_PRODUCT = YES;
			};
			name = Release;
		};
		3143B89A163CBF4F0027D923 /* Debug */ = {
			isa = XCBuildConfiguration;
			buildSettings = {
				FRAMEWORK_SEARCH_PATHS = (
					"$(inherited)",
					"\"$(SRCROOT)\"",
				);
				GCC_PRECOMPILE_PREFIX_HEADER = YES;
				GCC_PREFIX_HEADER = "PulseTest/PulseTest-Prefix.pch";
				INFOPLIST_FILE = "PulseTest/PulseTest-Info.plist";
				PRODUCT_NAME = "$(TARGET_NAME)";
				WRAPPER_EXTENSION = app;
			};
			name = Debug;
		};
		3143B89B163CBF4F0027D923 /* Release */ = {
			isa = XCBuildConfiguration;
			buildSettings = {
				FRAMEWORK_SEARCH_PATHS = (
					"$(inherited)",
					"\"$(SRCROOT)\"",
				);
				GCC_PRECOMPILE_PREFIX_HEADER = YES;
				GCC_PREFIX_HEADER = "PulseTest/PulseTest-Prefix.pch";
				INFOPLIST_FILE = "PulseTest/PulseTest-Info.plist";
				PRODUCT_NAME = "$(TARGET_NAME)";
				WRAPPER_EXTENSION = app;
			};
			name = Release;
		};
		3143B89D163CBF4F0027D923 /* Debug */ = {
			isa = XCBuildConfiguration;
			buildSettings = {
				BUNDLE_LOADER = "$(BUILT_PRODUCTS_DIR)/PulseTest.app/PulseTest";
				FRAMEWORK_SEARCH_PATHS = (
					"\"$(SDKROOT)/Developer/Library/Frameworks\"",
					"\"$(DEVELOPER_LIBRARY_DIR)/Frameworks\"",
				);
				GCC_PRECOMPILE_PREFIX_HEADER = YES;
				GCC_PREFIX_HEADER = "PulseTest/PulseTest-Prefix.pch";
				INFOPLIST_FILE = "PulseTestTests/PulseTestTests-Info.plist";
				PRODUCT_NAME = "$(TARGET_NAME)";
				TEST_HOST = "$(BUNDLE_LOADER)";
				WRAPPER_EXTENSION = octest;
			};
			name = Debug;
		};
		3143B89E163CBF4F0027D923 /* Release */ = {
			isa = XCBuildConfiguration;
			buildSettings = {
				BUNDLE_LOADER = "$(BUILT_PRODUCTS_DIR)/PulseTest.app/PulseTest";
				FRAMEWORK_SEARCH_PATHS = (
					"\"$(SDKROOT)/Developer/Library/Frameworks\"",
					"\"$(DEVELOPER_LIBRARY_DIR)/Frameworks\"",
				);
				GCC_PRECOMPILE_PREFIX_HEADER = YES;
				GCC_PREFIX_HEADER = "PulseTest/PulseTest-Prefix.pch";
				INFOPLIST_FILE = "PulseTestTests/PulseTestTests-Info.plist";
				PRODUCT_NAME = "$(TARGET_NAME)";
				TEST_HOST = "$(BUNDLE_LOADER)";
				WRAPPER_EXTENSION = octest;
			};
			name = Release;
		};
/* End XCBuildConfiguration section */

/* Begin XCConfigurationList section */
		3143B85A163CBF4E0027D923 /* Build configuration list for PBXProject "PulseTest" */ = {
			isa = XCConfigurationList;
			buildConfigurations = (
				3143B897163CBF4F0027D923 /* Debug */,
				3143B898163CBF4F0027D923 /* Release */,
			);
			defaultConfigurationIsVisible = 0;
			defaultConfigurationName = Release;
		};
		3143B899163CBF4F0027D923 /* Build configuration list for PBXNativeTarget "PulseTest" */ = {
			isa = XCConfigurationList;
			buildConfigurations = (
				3143B89A163CBF4F0027D923 /* Debug */,
				3143B89B163CBF4F0027D923 /* Release */,
			);
			defaultConfigurationIsVisible = 0;
			defaultConfigurationName = Release;
		};
		3143B89C163CBF4F0027D923 /* Build configuration list for PBXNativeTarget "PulseTestTests" */ = {
			isa = XCConfigurationList;
			buildConfigurations = (
				3143B89D163CBF4F0027D923 /* Debug */,
				3143B89E163CBF4F0027D923 /* Release */,
			);
			defaultConfigurationIsVisible = 0;
			defaultConfigurationName = Release;
		};
/* End XCConfigurationList section */

/* Begin XCVersionGroup section */
		3143B87E163CBF4F0027D923 /* PulseTest.xcdatamodeld */ = {
			isa = XCVersionGroup;
			children = (
				3143B87F163CBF4F0027D923 /* PulseTest.xcdatamodel */,
			);
			currentVersion = 3143B87F163CBF4F0027D923 /* PulseTest.xcdatamodel */;
			path = PulseTest.xcdatamodeld;
			sourceTree = "<group>";
			versionGroupType = wrapper.xcdatamodel;
		};
/* End XCVersionGroup section */
	};
	rootObject = 3143B857163CBF4E0027D923 /* Project object */;
}
